// !$*UTF8*$!
{
	archiveVersion = 1;
	classes = {
	};
	objectVersion = 50;
	objects = {

/* Begin PBXBuildFile section */
		A449315025A8A4A100CA6C01 /* AppDelegate.swift in Sources */ = {isa = PBXBuildFile; fileRef = A449314F25A8A4A100CA6C01 /* AppDelegate.swift */; };
		A449315225A8A4A100CA6C01 /* SceneDelegate.swift in Sources */ = {isa = PBXBuildFile; fileRef = A449315125A8A4A100CA6C01 /* SceneDelegate.swift */; };
		A449315425A8A4A100CA6C01 /* ViewController.swift in Sources */ = {isa = PBXBuildFile; fileRef = A449315325A8A4A100CA6C01 /* ViewController.swift */; };
		A449315725A8A4A100CA6C01 /* Main.storyboard in Resources */ = {isa = PBXBuildFile; fileRef = A449315525A8A4A100CA6C01 /* Main.storyboard */; };
		A449315A25A8A4A100CA6C01 /* News.xcdatamodeld in Sources */ = {isa = PBXBuildFile; fileRef = A449315825A8A4A100CA6C01 /* News.xcdatamodeld */; };
		A449315C25A8A4A200CA6C01 /* Assets.xcassets in Resources */ = {isa = PBXBuildFile; fileRef = A449315B25A8A4A200CA6C01 /* Assets.xcassets */; };
		A449315F25A8A4A200CA6C01 /* LaunchScreen.storyboard in Resources */ = {isa = PBXBuildFile; fileRef = A449315D25A8A4A200CA6C01 /* LaunchScreen.storyboard */; };
		A449316825A8ABE100CA6C01 /* Type1.swift in Sources */ = {isa = PBXBuildFile; fileRef = A449316725A8ABE100CA6C01 /* Type1.swift */; };
		A449316B25A8BD1B00CA6C01 /* NewsDetailController.swift in Sources */ = {isa = PBXBuildFile; fileRef = A449316A25A8BD1B00CA6C01 /* NewsDetailController.swift */; };
/* End PBXBuildFile section */

/* Begin PBXFileReference section */
		A449314C25A8A4A100CA6C01 /* News.app */ = {isa = PBXFileReference; explicitFileType = wrapper.application; includeInIndex = 0; path = News.app; sourceTree = BUILT_PRODUCTS_DIR; };
		A449314F25A8A4A100CA6C01 /* AppDelegate.swift */ = {isa = PBXFileReference; lastKnownFileType = sourcecode.swift; path = AppDelegate.swift; sourceTree = "<group>"; };
		A449315125A8A4A100CA6C01 /* SceneDelegate.swift */ = {isa = PBXFileReference; lastKnownFileType = sourcecode.swift; path = SceneDelegate.swift; sourceTree = "<group>"; };
		A449315325A8A4A100CA6C01 /* ViewController.swift */ = {isa = PBXFileReference; lastKnownFileType = sourcecode.swift; path = ViewController.swift; sourceTree = "<group>"; };
		A449315625A8A4A100CA6C01 /* Base */ = {isa = PBXFileReference; lastKnownFileType = file.storyboard; name = Base; path = Base.lproj/Main.storyboard; sourceTree = "<group>"; };
		A449315925A8A4A100CA6C01 /* News.xcdatamodel */ = {isa = PBXFileReference; lastKnownFileType = wrapper.xcdatamodel; path = News.xcdatamodel; sourceTree = "<group>"; };
		A449315B25A8A4A200CA6C01 /* Assets.xcassets */ = {isa = PBXFileReference; lastKnownFileType = folder.assetcatalog; path = Assets.xcassets; sourceTree = "<group>"; };
		A449315E25A8A4A200CA6C01 /* Base */ = {isa = PBXFileReference; lastKnownFileType = file.storyboard; name = Base; path = Base.lproj/LaunchScreen.storyboard; sourceTree = "<group>"; };
		A449316025A8A4A200CA6C01 /* Info.plist */ = {isa = PBXFileReference; lastKnownFileType = text.plist.xml; path = Info.plist; sourceTree = "<group>"; };
		A449316725A8ABE100CA6C01 /* Type1.swift */ = {isa = PBXFileReference; lastKnownFileType = sourcecode.swift; path = Type1.swift; sourceTree = "<group>"; };
		A449316A25A8BD1B00CA6C01 /* NewsDetailController.swift */ = {isa = PBXFileReference; lastKnownFileType = sourcecode.swift; path = NewsDetailController.swift; sourceTree = "<group>"; };
/* End PBXFileReference section */

/* Begin PBXFrameworksBuildPhase section */
		A449314925A8A4A100CA6C01 /* Frameworks */ = {
			isa = PBXFrameworksBuildPhase;
			buildActionMask = 2147483647;
			files = (
			);
			runOnlyForDeploymentPostprocessing = 0;
		};
/* End PBXFrameworksBuildPhase section */

/* Begin PBXGroup section */
		A449314325A8A4A100CA6C01 = {
			isa = PBXGroup;
			children = (
				A449314E25A8A4A100CA6C01 /* News */,
				A449314D25A8A4A100CA6C01 /* Products */,
			);
			sourceTree = "<group>";
		};
		A449314D25A8A4A100CA6C01 /* Products */ = {
			isa = PBXGroup;
			children = (
				A449314C25A8A4A100CA6C01 /* News.app */,
			);
			name = Products;
			sourceTree = "<group>";
		};
		A449314E25A8A4A100CA6C01 /* News */ = {
			isa = PBXGroup;
			children = (
				A449314F25A8A4A100CA6C01 /* AppDelegate.swift */,
				A449315125A8A4A100CA6C01 /* SceneDelegate.swift */,
				A449315325A8A4A100CA6C01 /* ViewController.swift */,
				A449315525A8A4A100CA6C01 /* Main.storyboard */,
				A449316A25A8BD1B00CA6C01 /* NewsDetailController.swift */,
				A449315B25A8A4A200CA6C01 /* Assets.xcassets */,
				A449315D25A8A4A200CA6C01 /* LaunchScreen.storyboard */,
				A449316025A8A4A200CA6C01 /* Info.plist */,
				A449315825A8A4A100CA6C01 /* News.xcdatamodeld */,
				A449316725A8ABE100CA6C01 /* Type1.swift */,
			);
			path = News;
			sourceTree = "<group>";
		};
/* End PBXGroup section */

/* Begin PBXNativeTarget section */
		A449314B25A8A4A100CA6C01 /* News */ = {
			isa = PBXNativeTarget;
			buildConfigurationList = A449316325A8A4A200CA6C01 /* Build configuration list for PBXNativeTarget "News" */;
			buildPhases = (
				A449314825A8A4A100CA6C01 /* Sources */,
				A449314925A8A4A100CA6C01 /* Frameworks */,
				A449314A25A8A4A100CA6C01 /* Resources */,
			);
			buildRules = (
			);
			dependencies = (
			);
			name = News;
			productName = News;
			productReference = A449314C25A8A4A100CA6C01 /* News.app */;
			productType = "com.apple.product-type.application";
		};
/* End PBXNativeTarget section */

/* Begin PBXProject section */
		A449314425A8A4A100CA6C01 /* Project object */ = {
			isa = PBXProject;
			attributes = {
				LastSwiftUpdateCheck = 1230;
				LastUpgradeCheck = 1230;
				TargetAttributes = {
					A449314B25A8A4A100CA6C01 = {
						CreatedOnToolsVersion = 12.3;
					};
				};
			};
			buildConfigurationList = A449314725A8A4A100CA6C01 /* Build configuration list for PBXProject "News" */;
			compatibilityVersion = "Xcode 9.3";
			developmentRegion = en;
			hasScannedForEncodings = 0;
			knownRegions = (
				en,
				Base,
			);
			mainGroup = A449314325A8A4A100CA6C01;
			productRefGroup = A449314D25A8A4A100CA6C01 /* Products */;
			projectDirPath = "";
			projectRoot = "";
			targets = (
				A449314B25A8A4A100CA6C01 /* News */,
			);
		};
/* End PBXProject section */

/* Begin PBXResourcesBuildPhase section */
		A449314A25A8A4A100CA6C01 /* Resources */ = {
			isa = PBXResourcesBuildPhase;
			buildActionMask = 2147483647;
			files = (
				A449315F25A8A4A200CA6C01 /* LaunchScreen.storyboard in Resources */,
				A449315C25A8A4A200CA6C01 /* Assets.xcassets in Resources */,
				A449315725A8A4A100CA6C01 /* Main.storyboard in Resources */,
			);
			runOnlyForDeploymentPostprocessing = 0;
		};
/* End PBXResourcesBuildPhase section */

/* Begin PBXSourcesBuildPhase section */
		A449314825A8A4A100CA6C01 /* Sources */ = {
			isa = PBXSourcesBuildPhase;
			buildActionMask = 2147483647;
			files = (
				A449315425A8A4A100CA6C01 /* ViewController.swift in Sources */,
				A449315025A8A4A100CA6C01 /* AppDelegate.swift in Sources */,
				A449315A25A8A4A100CA6C01 /* News.xcdatamodeld in Sources */,
				A449316B25A8BD1B00CA6C01 /* NewsDetailController.swift in Sources */,
				A449315225A8A4A100CA6C01 /* SceneDelegate.swift in Sources */,
				A449316825A8ABE100CA6C01 /* Type1.swift in Sources */,
			);
			runOnlyForDeploymentPostprocessing = 0;
		};
/* End PBXSourcesBuildPhase section */

/* Begin PBXVariantGroup section */
		A449315525A8A4A100CA6C01 /* Main.storyboard */ = {
			isa = PBXVariantGroup;
			children = (
				A449315625A8A4A100CA6C01 /* Base */,
			);
			name = Main.storyboard;
			sourceTree = "<group>";
		};
		A449315D25A8A4A200CA6C01 /* LaunchScreen.storyboard */ = {
			isa = PBXVariantGroup;
			children = (
				A449315E25A8A4A200CA6C01 /* Base */,
			);
			name = LaunchScreen.storyboard;
			sourceTree = "<group>";
		};
/* End PBXVariantGroup section */

/* Begin XCBuildConfiguration section */
		A449316125A8A4A200CA6C01 /* Debug */ = {
			isa = XCBuildConfiguration;
			buildSettings = {
				ALWAYS_SEARCH_USER_PATHS = NO;
				CLANG_ANALYZER_NONNULL = YES;
				CLANG_ANALYZER_NUMBER_OBJECT_CONVERSION = YES_AGGRESSIVE;
				CLANG_CXX_LANGUAGE_STANDARD = "gnu++14";
				CLANG_CXX_LIBRARY = "libc++";
				CLANG_ENABLE_MODULES = YES;
				CLANG_ENABLE_OBJC_ARC = YES;
				CLANG_ENABLE_OBJC_WEAK = YES;
				CLANG_WARN_BLOCK_CAPTURE_AUTORELEASING = YES;
				CLANG_WARN_BOOL_CONVERSION = YES;
				CLANG_WARN_COMMA = YES;
				CLANG_WARN_CONSTANT_CONVERSION = YES;
				CLANG_WARN_DEPRECATED_OBJC_IMPLEMENTATIONS = YES;
				CLANG_WARN_DIRECT_OBJC_ISA_USAGE = YES_ERROR;
				CLANG_WARN_DOCUMENTATION_COMMENTS = YES;
				CLANG_WARN_EMPTY_BODY = YES;
				CLANG_WARN_ENUM_CONVERSION = YES;
				CLANG_WARN_INFINITE_RECURSION = YES;
				CLANG_WARN_INT_CONVERSION = YES;
				CLANG_WARN_NON_LITERAL_NULL_CONVERSION = YES;
				CLANG_WARN_OBJC_IMPLICIT_RETAIN_SELF = YES;
				CLANG_WARN_OBJC_LITERAL_CONVERSION = YES;
				CLANG_WARN_OBJC_ROOT_CLASS = YES_ERROR;
				CLANG_WARN_QUOTED_INCLUDE_IN_FRAMEWORK_HEADER = YES;
				CLANG_WARN_RANGE_LOOP_ANALYSIS = YES;
				CLANG_WARN_STRICT_PROTOTYPES = YES;
				CLANG_WARN_SUSPICIOUS_MOVE = YES;
				CLANG_WARN_UNGUARDED_AVAILABILITY = YES_AGGRESSIVE;
				CLANG_WARN_UNREACHABLE_CODE = YES;
				CLANG_WARN__DUPLICATE_METHOD_MATCH = YES;
				COPY_PHASE_STRIP = NO;
				DEBUG_INFORMATION_FORMAT = dwarf;
				ENABLE_STRICT_OBJC_MSGSEND = YES;
				ENABLE_TESTABILITY = YES;
				GCC_C_LANGUAGE_STANDARD = gnu11;
				GCC_DYNAMIC_NO_PIC = NO;
				GCC_NO_COMMON_BLOCKS = YES;
				GCC_OPTIMIZATION_LEVEL = 0;
				GCC_PREPROCESSOR_DEFINITIONS = (
					"DEBUG=1",
					"$(inherited)",
				);
				GCC_WARN_64_TO_32_BIT_CONVERSION = YES;
				GCC_WARN_ABOUT_RETURN_TYPE = YES_ERROR;
				GCC_WARN_UNDECLARED_SELECTOR = YES;
				GCC_WARN_UNINITIALIZED_AUTOS = YES_AGGRESSIVE;
				GCC_WARN_UNUSED_FUNCTION = YES;
				GCC_WARN_UNUSED_VARIABLE = YES;
				IPHONEOS_DEPLOYMENT_TARGET = 14.3;
				MTL_ENABLE_DEBUG_INFO = INCLUDE_SOURCE;
				MTL_FAST_MATH = YES;
				ONLY_ACTIVE_ARCH = YES;
				SDKROOT = iphoneos;
				SWIFT_ACTIVE_COMPILATION_CONDITIONS = DEBUG;
				SWIFT_OPTIMIZATION_LEVEL = "-Onone";
			};
			name = Debug;
		};
		A449316225A8A4A200CA6C01 /* Release */ = {
			isa = XCBuildConfiguration;
			buildSettings = {
				ALWAYS_SEARCH_USER_PATHS = NO;
				CLANG_ANALYZER_NONNULL = YES;
				CLANG_ANALYZER_NUMBER_OBJECT_CONVERSION = YES_AGGRESSIVE;
				CLANG_CXX_LANGUAGE_STANDARD = "gnu++14";
				CLANG_CXX_LIBRARY = "libc++";
				CLANG_ENABLE_MODULES = YES;
				CLANG_ENABLE_OBJC_ARC = YES;
				CLANG_ENABLE_OBJC_WEAK = YES;
				CLANG_WARN_BLOCK_CAPTURE_AUTORELEASING = YES;
				CLANG_WARN_BOOL_CONVERSION = YES;
				CLANG_WARN_COMMA = YES;
				CLANG_WARN_CONSTANT_CONVERSION = YES;
				CLANG_WARN_DEPRECATED_OBJC_IMPLEMENTATIONS = YES;
				CLANG_WARN_DIRECT_OBJC_ISA_USAGE = YES_ERROR;
				CLANG_WARN_DOCUMENTATION_COMMENTS = YES;
				CLANG_WARN_EMPTY_BODY = YES;
				CLANG_WARN_ENUM_CONVERSION = YES;
				CLANG_WARN_INFINITE_RECURSION = YES;
				CLANG_WARN_INT_CONVERSION = YES;
				CLANG_WARN_NON_LITERAL_NULL_CONVERSION = YES;
				CLANG_WARN_OBJC_IMPLICIT_RETAIN_SELF = YES;
				CLANG_WARN_OBJC_LITERAL_CONVERSION = YES;
				CLANG_WARN_OBJC_ROOT_CLASS = YES_ERROR;
				CLANG_WARN_QUOTED_INCLUDE_IN_FRAMEWORK_HEADER = YES;
				CLANG_WARN_RANGE_LOOP_ANALYSIS = YES;
				CLANG_WARN_STRICT_PROTOTYPES = YES;
				CLANG_WARN_SUSPICIOUS_MOVE = YES;
				CLANG_WARN_UNGUARDED_AVAILABILITY = YES_AGGRESSIVE;
				CLANG_WARN_UNREACHABLE_CODE = YES;
				CLANG_WARN__DUPLICATE_METHOD_MATCH = YES;
				COPY_PHASE_STRIP = NO;
				DEBUG_INFORMATION_FORMAT = "dwarf-with-dsym";
				ENABLE_NS_ASSERTIONS = NO;
				ENABLE_STRICT_OBJC_MSGSEND = YES;
				GCC_C_LANGUAGE_STANDARD = gnu11;
				GCC_NO_COMMON_BLOCKS = YES;
				GCC_WARN_64_TO_32_BIT_CONVERSION = YES;
				GCC_WARN_ABOUT_RETURN_TYPE = YES_ERROR;
				GCC_WARN_UNDECLARED_SELECTOR = YES;
				GCC_WARN_UNINITIALIZED_AUTOS = YES_AGGRESSIVE;
				GCC_WARN_UNUSED_FUNCTION = YES;
				GCC_WARN_UNUSED_VARIABLE = YES;
				IPHONEOS_DEPLOYMENT_TARGET = 14.3;
				MTL_ENABLE_DEBUG_INFO = NO;
				MTL_FAST_MATH = YES;
				SDKROOT = iphoneos;
				SWIFT_COMPILATION_MODE = wholemodule;
				SWIFT_OPTIMIZATION_LEVEL = "-O";
				VALIDATE_PRODUCT = YES;
			};
			name = Release;
		};
		A449316425A8A4A200CA6C01 /* Debug */ = {
			isa = XCBuildConfiguration;
			buildSettings = {
				ASSETCATALOG_COMPILER_APPICON_NAME = AppIcon;
				ASSETCATALOG_COMPILER_GLOBAL_ACCENT_COLOR_NAME = AccentColor;
				CODE_SIGN_STYLE = Automatic;
				DEVELOPMENT_TEAM = F97GQKBRFT;
				INFOPLIST_FILE = News/Info.plist;
				LD_RUNPATH_SEARCH_PATHS = (
					"$(inherited)",
					"@executable_path/Frameworks",
				);
				PRODUCT_BUNDLE_IDENTIFIER = io.ultraviollette.News;
				PRODUCT_NAME = "$(TARGET_NAME)";
				SWIFT_VERSION = 5.0;
				TARGETED_DEVICE_FAMILY = "1,2";
			};
			name = Debug;
		};
		A449316525A8A4A200CA6C01 /* Release */ = {
			isa = XCBuildConfiguration;
			buildSettings = {
				ASSETCATALOG_COMPILER_APPICON_NAME = AppIcon;
				ASSETCATALOG_COMPILER_GLOBAL_ACCENT_COLOR_NAME = AccentColor;
				CODE_SIGN_STYLE = Automatic;
				DEVELOPMENT_TEAM = F97GQKBRFT;
				INFOPLIST_FILE = News/Info.plist;
				LD_RUNPATH_SEARCH_PATHS = (
					"$(inherited)",
					"@executable_path/Frameworks",
				);
				PRODUCT_BUNDLE_IDENTIFIER = io.ultraviollette.News;
				PRODUCT_NAME = "$(TARGET_NAME)";
				SWIFT_VERSION = 5.0;
				TARGETED_DEVICE_FAMILY = "1,2";
			};
			name = Release;
		};
/* End XCBuildConfiguration section */

/* Begin XCConfigurationList section */
		A449314725A8A4A100CA6C01 /* Build configuration list for PBXProject "News" */ = {
			isa = XCConfigurationList;
			buildConfigurations = (
				A449316125A8A4A200CA6C01 /* Debug */,
				A449316225A8A4A200CA6C01 /* Release */,
			);
			defaultConfigurationIsVisible = 0;
			defaultConfigurationName = Release;
		};
		A449316325A8A4A200CA6C01 /* Build configuration list for PBXNativeTarget "News" */ = {
			isa = XCConfigurationList;
			buildConfigurations = (
				A449316425A8A4A200CA6C01 /* Debug */,
				A449316525A8A4A200CA6C01 /* Release */,
			);
			defaultConfigurationIsVisible = 0;
			defaultConfigurationName = Release;
		};
/* End XCConfigurationList section */

/* Begin XCVersionGroup section */
		A449315825A8A4A100CA6C01 /* News.xcdatamodeld */ = {
			isa = XCVersionGroup;
			children = (
				A449315925A8A4A100CA6C01 /* News.xcdatamodel */,
			);
			currentVersion = A449315925A8A4A100CA6C01 /* News.xcdatamodel */;
			path = News.xcdatamodeld;
			sourceTree = "<group>";
			versionGroupType = wrapper.xcdatamodel;
		};
/* End XCVersionGroup section */
	};
	rootObject = A449314425A8A4A100CA6C01 /* Project object */;
}
